{
  "name": "caesar-cipher",
  "version": "1.0.0",
  "lockfileVersion": 3,
  "requires": true,
  "packages": {
    "": {
      "name": "caesar-cipher",
      "version": "1.0.0",
      "license": "ISC",
      "dependencies": {
        "@cryptoolsorg/caesarcipher": "^1.0.0"
      }
    },
    "node_modules/@cryptoolsorg/caesarcipher": {
      "version": "1.0.0",
      "resolved": "https://registry.npmjs.org/@cryptoolsorg/caesarcipher/-/caesarcipher-1.0.0.tgz",
      "integrity": "sha512-rxaRaFlg4QYU+BbE7NQjgPjfM37ubsOsP67m9GEM0iO4Qr2D+cg7CdkL28BmjM8mwW0mIbPaggCJ2ubaHQysFg==",
      "license": "MIT"
    }
  }
}
